
Microsoft Visual Studio Solution File, Format Version 12.00
# Visual Studio Version 17
VisualStudioVersion = 17.3.32804.467
MinimumVisualStudioVersion = 10.0.40219.1
Project("{FAE04EC0-301F-11D3-BF4B-00C04F79EFBC}") = "DogAPI_FinalProject", "DogAPI_FinalProject.csproj", "{C5367939-1C06-4ECF-8822-7F78C95B6C98}"
EndProject
Global
	GlobalSection(SolutionConfigurationPlatforms) = preSolution
		Debug|Any CPU = Debug|Any CPU
		Release|Any CPU = Release|Any CPU
	EndGlobalSection
	GlobalSection(ProjectConfigurationPlatforms) = postSolution
		{C5367939-1C06-4ECF-8822-7F78C95B6C98}.Debug|Any CPU.ActiveCfg = Debug|Any CPU
		{C5367939-1C06-4ECF-8822-7F78C95B6C98}.Debug|Any CPU.Build.0 = Debug|Any CPU
		{C5367939-1C06-4ECF-8822-7F78C95B6C98}.Release|Any CPU.ActiveCfg = Release|Any CPU
		{C5367939-1C06-4ECF-8822-7F78C95B6C98}.Release|Any CPU.Build.0 = Release|Any CPU
	EndGlobalSection
	GlobalSection(SolutionProperties) = preSolution
		HideSolutionNode = FALSE
	EndGlobalSection
	GlobalSection(ExtensibilityGlobals) = postSolution
		SolutionGuid = {D8A9D050-9601-41ED-BE9A-F70BE7D5C9A3}
	EndGlobalSection
EndGlobal
